{
  "lockfileVersion": 1,
  "configVersion": 0,
  "workspaces": {
    "": {
      "name": "howl",
      "dependencies": {
        "@auth/prisma-adapter": "^2.11.1",
        "@fortawesome/fontawesome-free": "^7.2.0",
        "@fortawesome/fontawesome-svg-core": "^7.2.0",
        "@fortawesome/free-brands-svg-icons": "^7.2.0",
        "@fortawesome/pro-duotone-svg-icons": "^7.2.0",
        "@fortawesome/pro-light-svg-icons": "^7.2.0",
        "@fortawesome/pro-regular-svg-icons": "^7.2.0",
        "@fortawesome/pro-solid-svg-icons": "^7.2.0",
        "@fortawesome/pro-thin-svg-icons": "^7.2.0",
        "@fortawesome/react-fontawesome": "^3.2.0",
        "@fortawesome/sharp-light-svg-icons": "^7.2.0",
        "@fortawesome/sharp-regular-svg-icons": "^7.2.0",
        "@fortawesome/sharp-solid-svg-icons": "^7.2.0",
        "@fortawesome/sharp-thin-svg-icons": "^7.2.0",
        "@prisma/client": "6.19.1",
        "@prisma/extension-accelerate": "^1",
        "@types/validator": "^13.15.2",
        "bcryptjs": "^3.0.2",
        "next": "16.1.6",
        "next-auth": "^4.24.11",
        "react": "^19.2.4",
        "react-dom": "^19.2.4",
        "swiper": "^11.2.10",
        "typed.js": "^2.1.0",
        "validator": "^13.15.15",
        "zustand": "^5.0.6",
      },
      "devDependencies": {
        "@tailwindcss/postcss": "^4",
        "@types/node": "^20",
        "@types/react": "^19.2.14",
        "@types/react-dom": "^19.2.3",
        "prisma": "6.19.1",
        "tailwindcss": "^4",
        "typescript": "^5",
      },
    },
  },
  "packages": {
    "@alloc/quick-lru": ["@alloc/quick-lru@5.2.0", "", {}, "sha512-UrcABB+4bUrFABwbluTIBErXwvbsU/V7TZWfmbgJfbkwiBuziS9gxdODUyuiecfdGQ85jglMW6juS3+z5TsKLw=="],

    "@ampproject/remapping": ["@ampproject/remapping@2.3.0", "", { "dependencies": { "@jridgewell/gen-mapping": "^0.3.5", "@jridgewell/trace-mapping": "^0.3.24" } }, "sha512-30iZtAPgz+LTIYoeivqYo853f02jBYSd5uGnGpkFV0M3xOt9aN73erkgYAmZU43x4VfqcnLxW9Kpg3R5LC4YYw=="],

    "@auth/core": ["@auth/core@0.41.1", "", { "dependencies": { "@panva/hkdf": "^1.2.1", "jose": "^6.0.6", "oauth4webapi": "^3.3.0", "preact": "10.24.3", "preact-render-to-string": "6.5.11" }, "peerDependencies": { "@simplewebauthn/browser": "^9.0.1", "@simplewebauthn/server": "^9.0.2", "nodemailer": "^7.0.7" }, "optionalPeers": ["@simplewebauthn/browser", "@simplewebauthn/server", "nodemailer"] }, "sha512-t9cJ2zNYAdWMacGRMT6+r4xr1uybIdmYa49calBPeTqwgAFPV/88ac9TEvCR85pvATiSPt8VaNf+Gt24JIT/uw=="],

    "@auth/prisma-adapter": ["@auth/prisma-adapter@2.11.1", "", { "dependencies": { "@auth/core": "0.41.1" }, "peerDependencies": { "@prisma/client": ">=2.26.0 || >=3 || >=4 || >=5 || >=6" } }, "sha512-Ke7DXP0Fy0Mlmjz/ZJLXwQash2UkA4621xCM0rMtEczr1kppLc/njCbUkHkIQ/PnmILjqSPEKeTjDPsYruvkug=="],

    "@babel/runtime": ["@babel/runtime@7.27.6", "", {}, "sha512-vbavdySgbTTrmFE+EsiqUTzlOr5bzlnJtUv9PynGCAKvfQqjIXbvFdumPM/GxMDfyuGMJaJAU6TO4zc1Jf1i8Q=="],

    "@emnapi/runtime": ["@emnapi/runtime@1.8.1", "", { "dependencies": { "tslib": "^2.4.0" } }, "sha512-mehfKSMWjjNol8659Z8KxEMrdSJDDot5SXMq00dM8BN4o+CLNXQ0xH2V7EchNHV4RmbZLmmPdEaXZc5H2FXmDg=="],

    "@fortawesome/fontawesome-common-types": ["@fortawesome/fontawesome-common-types@7.2.0", "https://npm.fontawesome.com/@fortawesome/fontawesome-common-types/-/fontawesome-common-types-7.2.0.tgz", {}, "sha512-IpR0bER9FY25p+e7BmFH25MZKEwFHTfRAfhOyJubgiDnoJNsSvJ7nigLraHtp4VOG/cy8D7uiV0dLkHOne5Fhw=="],

    "@fortawesome/fontawesome-free": ["@fortawesome/fontawesome-free@7.2.0", "https://npm.fontawesome.com/@fortawesome/fontawesome-free/-/fontawesome-free-7.2.0.tgz", {}, "sha512-3DguDv/oUE+7vjMeTSOjCSG+KeawgVQOHrKRnvUuqYh1mfArrh7s+s8hXW3e4RerBA1+Wh+hBqf8sJNpqNrBWg=="],

    "@fortawesome/fontawesome-svg-core": ["@fortawesome/fontawesome-svg-core@7.2.0", "https://npm.fontawesome.com/@fortawesome/fontawesome-svg-core/-/fontawesome-svg-core-7.2.0.tgz", { "dependencies": { "@fortawesome/fontawesome-common-types": "7.2.0" } }, "sha512-6639htZMjEkwskf3J+e6/iar+4cTNM9qhoWuRfj9F3eJD6r7iCzV1SWnQr2Mdv0QT0suuqU8BoJCZUyCtP9R4Q=="],

    "@fortawesome/free-brands-svg-icons": ["@fortawesome/free-brands-svg-icons@7.2.0", "https://npm.fontawesome.com/@fortawesome/free-brands-svg-icons/-/free-brands-svg-icons-7.2.0.tgz", { "dependencies": { "@fortawesome/fontawesome-common-types": "7.2.0" } }, "sha512-VNG8xqOip1JuJcC3zsVsKRQ60oXG9+oYNDCosjoU/H9pgYmLTEwWw8pE0jhPz/JWdHeUuK6+NQ3qsM4gIbdbYQ=="],

    "@fortawesome/pro-duotone-svg-icons": ["@fortawesome/pro-duotone-svg-icons@7.2.0", "https://npm.fontawesome.com/@fortawesome/pro-duotone-svg-icons/-/pro-duotone-svg-icons-7.2.0.tgz", { "dependencies": { "@fortawesome/fontawesome-common-types": "7.2.0" } }, "sha512-G0oZPLWrOjodNsKEzjnmZ/wzXCQhyXHsscIuCsRwPr42N0zgMmVvClZuEq6eqiBiyo1qhm3RnN6xNLddJh9z7A=="],

    "@fortawesome/pro-light-svg-icons": ["@fortawesome/pro-light-svg-icons@7.2.0", "https://npm.fontawesome.com/@fortawesome/pro-light-svg-icons/-/pro-light-svg-icons-7.2.0.tgz", { "dependencies": { "@fortawesome/fontawesome-common-types": "7.2.0" } }, "sha512-0SZf+Lu4DoolJelZi9Cc1Ta2VqUGkvV6BPxCb22mV16GQhqGa2VuLkqAn7zur0Sy8Cinu6MyPRfndHSe72zYyQ=="],

    "@fortawesome/pro-regular-svg-icons": ["@fortawesome/pro-regular-svg-icons@7.2.0", "https://npm.fontawesome.com/@fortawesome/pro-regular-svg-icons/-/pro-regular-svg-icons-7.2.0.tgz", { "dependencies": { "@fortawesome/fontawesome-common-types": "7.2.0" } }, "sha512-FU6amNj6Dbsb2m19T8ABiL8HoImIGm8AhxnPAgQDDZcslGezu6R7HrDicBPJuVTNFSxFGRRAXIRs/z44xg7ftA=="],

    "@fortawesome/pro-solid-svg-icons": ["@fortawesome/pro-solid-svg-icons@7.2.0", "https://npm.fontawesome.com/@fortawesome/pro-solid-svg-icons/-/pro-solid-svg-icons-7.2.0.tgz", { "dependencies": { "@fortawesome/fontawesome-common-types": "7.2.0" } }, "sha512-r+YsuG1B+iYcCXNS82bfvRnGJtlRhVI5Xk7vVJ9+ymJU5u4UGGGOSFRV5kRWH2zFItH9PKaIjnN1cXMcgOM/+g=="],

    "@fortawesome/pro-thin-svg-icons": ["@fortawesome/pro-thin-svg-icons@7.2.0", "https://npm.fontawesome.com/@fortawesome/pro-thin-svg-icons/-/pro-thin-svg-icons-7.2.0.tgz", { "dependencies": { "@fortawesome/fontawesome-common-types": "7.2.0" } }, "sha512-G8BZiBshqdtqKnHh/58zgvXydMJoKZ1zvQaQPFzZKn5poV5onIwIr2tYfv2/pxIUtoXBBpeYT5c3aFBMI/r9uA=="],

    "@fortawesome/react-fontawesome": ["@fortawesome/react-fontawesome@3.2.0", "https://npm.fontawesome.com/@fortawesome/react-fontawesome/-/react-fontawesome-3.2.0.tgz", { "peerDependencies": { "@fortawesome/fontawesome-svg-core": "~6 || ~7", "react": "^18.0.0 || ^19.0.0" } }, "sha512-E9Gu1hqd6JussVO26EC4WqRZssXMnQr2ol7ZNWkkFOH8jZUaxDJ9Z9WF9wIVkC+kJGXUdY3tlffpDwEKfgQrQw=="],

    "@fortawesome/sharp-light-svg-icons": ["@fortawesome/sharp-light-svg-icons@7.2.0", "https://npm.fontawesome.com/@fortawesome/sharp-light-svg-icons/-/sharp-light-svg-icons-7.2.0.tgz", { "dependencies": { "@fortawesome/fontawesome-common-types": "7.2.0" } }, "sha512-7uQ3dyEcPfKmsvzhaZ7/EssX6wBvroSm4ju37Q+cpkh0zzYnFUW4FHnxh5dB/0XhU08nogcbv4zAATpksCJjQQ=="],

    "@fortawesome/sharp-regular-svg-icons": ["@fortawesome/sharp-regular-svg-icons@7.2.0", "https://npm.fontawesome.com/@fortawesome/sharp-regular-svg-icons/-/sharp-regular-svg-icons-7.2.0.tgz", { "dependencies": { "@fortawesome/fontawesome-common-types": "7.2.0" } }, "sha512-lLOX1W98Vof2Isib3oNe8Os7yfUdk2gcRAP6rlVvrU8Uw6ZwX6UobiuEwAPHBOapIIeezolhRICiyEiT4qWOmg=="],

    "@fortawesome/sharp-solid-svg-icons": ["@fortawesome/sharp-solid-svg-icons@7.2.0", "https://npm.fontawesome.com/@fortawesome/sharp-solid-svg-icons/-/sharp-solid-svg-icons-7.2.0.tgz", { "dependencies": { "@fortawesome/fontawesome-common-types": "7.2.0" } }, "sha512-suIIkT36ipgRO2xvaft9xAHJDa8K3vUSpP3YTH1fxJHkTUWILnvH7NNFvS6OQVBB8B6j0YpthO4tOyA/IMzlew=="],

    "@fortawesome/sharp-thin-svg-icons": ["@fortawesome/sharp-thin-svg-icons@7.2.0", "https://npm.fontawesome.com/@fortawesome/sharp-thin-svg-icons/-/sharp-thin-svg-icons-7.2.0.tgz", { "dependencies": { "@fortawesome/fontawesome-common-types": "7.2.0" } }, "sha512-gipRA0clL8x80rNrb2Tvf+2TAcwGk7keJ1+xrZIGW4v46y7CFx21dRQvH0Xeis3SQC6sgEeI3t7wzE3PnFhQYQ=="],

    "@img/colour": ["@img/colour@1.0.0", "", {}, "sha512-A5P/LfWGFSl6nsckYtjw9da+19jB8hkJ6ACTGcDfEJ0aE+l2n2El7dsVM7UVHZQ9s2lmYMWlrS21YLy2IR1LUw=="],

    "@img/sharp-darwin-arm64": ["@img/sharp-darwin-arm64@0.34.5", "", { "optionalDependencies": { "@img/sharp-libvips-darwin-arm64": "1.2.4" }, "os": "darwin", "cpu": "arm64" }, "sha512-imtQ3WMJXbMY4fxb/Ndp6HBTNVtWCUI0WdobyheGf5+ad6xX8VIDO8u2xE4qc/fr08CKG/7dDseFtn6M6g/r3w=="],

    "@img/sharp-darwin-x64": ["@img/sharp-darwin-x64@0.34.5", "", { "optionalDependencies": { "@img/sharp-libvips-darwin-x64": "1.2.4" }, "os": "darwin", "cpu": "x64" }, "sha512-YNEFAF/4KQ/PeW0N+r+aVVsoIY0/qxxikF2SWdp+NRkmMB7y9LBZAVqQ4yhGCm/H3H270OSykqmQMKLBhBJDEw=="],

    "@img/sharp-libvips-darwin-arm64": ["@img/sharp-libvips-darwin-arm64@1.2.4", "", { "os": "darwin", "cpu": "arm64" }, "sha512-zqjjo7RatFfFoP0MkQ51jfuFZBnVE2pRiaydKJ1G/rHZvnsrHAOcQALIi9sA5co5xenQdTugCvtb1cuf78Vf4g=="],

    "@img/sharp-libvips-darwin-x64": ["@img/sharp-libvips-darwin-x64@1.2.4", "", { "os": "darwin", "cpu": "x64" }, "sha512-1IOd5xfVhlGwX+zXv2N93k0yMONvUlANylbJw1eTah8K/Jtpi15KC+WSiaX/nBmbm2HxRM1gZ0nSdjSsrZbGKg=="],

    "@img/sharp-libvips-linux-arm": ["@img/sharp-libvips-linux-arm@1.2.4", "", { "os": "linux", "cpu": "arm" }, "sha512-bFI7xcKFELdiNCVov8e44Ia4u2byA+l3XtsAj+Q8tfCwO6BQ8iDojYdvoPMqsKDkuoOo+X6HZA0s0q11ANMQ8A=="],

    "@img/sharp-libvips-linux-arm64": ["@img/sharp-libvips-linux-arm64@1.2.4", "", { "os": "linux", "cpu": "arm64" }, "sha512-excjX8DfsIcJ10x1Kzr4RcWe1edC9PquDRRPx3YVCvQv+U5p7Yin2s32ftzikXojb1PIFc/9Mt28/y+iRklkrw=="],

    "@img/sharp-libvips-linux-ppc64": ["@img/sharp-libvips-linux-ppc64@1.2.4", "", { "os": "linux", "cpu": "ppc64" }, "sha512-FMuvGijLDYG6lW+b/UvyilUWu5Ayu+3r2d1S8notiGCIyYU/76eig1UfMmkZ7vwgOrzKzlQbFSuQfgm7GYUPpA=="],

    "@img/sharp-libvips-linux-riscv64": ["@img/sharp-libvips-linux-riscv64@1.2.4", "", { "os": "linux", "cpu": "none" }, "sha512-oVDbcR4zUC0ce82teubSm+x6ETixtKZBh/qbREIOcI3cULzDyb18Sr/Wcyx7NRQeQzOiHTNbZFF1UwPS2scyGA=="],

    "@img/sharp-libvips-linux-s390x": ["@img/sharp-libvips-linux-s390x@1.2.4", "", { "os": "linux", "cpu": "s390x" }, "sha512-qmp9VrzgPgMoGZyPvrQHqk02uyjA0/QrTO26Tqk6l4ZV0MPWIW6LTkqOIov+J1yEu7MbFQaDpwdwJKhbJvuRxQ=="],

    "@img/sharp-libvips-linux-x64": ["@img/sharp-libvips-linux-x64@1.2.4", "", { "os": "linux", "cpu": "x64" }, "sha512-tJxiiLsmHc9Ax1bz3oaOYBURTXGIRDODBqhveVHonrHJ9/+k89qbLl0bcJns+e4t4rvaNBxaEZsFtSfAdquPrw=="],

    "@img/sharp-libvips-linuxmusl-arm64": ["@img/sharp-libvips-linuxmusl-arm64@1.2.4", "", { "os": "linux", "cpu": "arm64" }, "sha512-FVQHuwx1IIuNow9QAbYUzJ+En8KcVm9Lk5+uGUQJHaZmMECZmOlix9HnH7n1TRkXMS0pGxIJokIVB9SuqZGGXw=="],

    "@img/sharp-libvips-linuxmusl-x64": ["@img/sharp-libvips-linuxmusl-x64@1.2.4", "", { "os": "linux", "cpu": "x64" }, "sha512-+LpyBk7L44ZIXwz/VYfglaX/okxezESc6UxDSoyo2Ks6Jxc4Y7sGjpgU9s4PMgqgjj1gZCylTieNamqA1MF7Dg=="],

    "@img/sharp-linux-arm": ["@img/sharp-linux-arm@0.34.5", "", { "optionalDependencies": { "@img/sharp-libvips-linux-arm": "1.2.4" }, "os": "linux", "cpu": "arm" }, "sha512-9dLqsvwtg1uuXBGZKsxem9595+ujv0sJ6Vi8wcTANSFpwV/GONat5eCkzQo/1O6zRIkh0m/8+5BjrRr7jDUSZw=="],

    "@img/sharp-linux-arm64": ["@img/sharp-linux-arm64@0.34.5", "", { "optionalDependencies": { "@img/sharp-libvips-linux-arm64": "1.2.4" }, "os": "linux", "cpu": "arm64" }, "sha512-bKQzaJRY/bkPOXyKx5EVup7qkaojECG6NLYswgktOZjaXecSAeCWiZwwiFf3/Y+O1HrauiE3FVsGxFg8c24rZg=="],

    "@img/sharp-linux-ppc64": ["@img/sharp-linux-ppc64@0.34.5", "", { "optionalDependencies": { "@img/sharp-libvips-linux-ppc64": "1.2.4" }, "os": "linux", "cpu": "ppc64" }, "sha512-7zznwNaqW6YtsfrGGDA6BRkISKAAE1Jo0QdpNYXNMHu2+0dTrPflTLNkpc8l7MUP5M16ZJcUvysVWWrMefZquA=="],

    "@img/sharp-linux-riscv64": ["@img/sharp-linux-riscv64@0.34.5", "", { "optionalDependencies": { "@img/sharp-libvips-linux-riscv64": "1.2.4" }, "os": "linux", "cpu": "none" }, "sha512-51gJuLPTKa7piYPaVs8GmByo7/U7/7TZOq+cnXJIHZKavIRHAP77e3N2HEl3dgiqdD/w0yUfiJnII77PuDDFdw=="],

    "@img/sharp-linux-s390x": ["@img/sharp-linux-s390x@0.34.5", "", { "optionalDependencies": { "@img/sharp-libvips-linux-s390x": "1.2.4" }, "os": "linux", "cpu": "s390x" }, "sha512-nQtCk0PdKfho3eC5MrbQoigJ2gd1CgddUMkabUj+rBevs8tZ2cULOx46E7oyX+04WGfABgIwmMC0VqieTiR4jg=="],

    "@img/sharp-linux-x64": ["@img/sharp-linux-x64@0.34.5", "", { "optionalDependencies": { "@img/sharp-libvips-linux-x64": "1.2.4" }, "os": "linux", "cpu": "x64" }, "sha512-MEzd8HPKxVxVenwAa+JRPwEC7QFjoPWuS5NZnBt6B3pu7EG2Ge0id1oLHZpPJdn3OQK+BQDiw9zStiHBTJQQQQ=="],

    "@img/sharp-linuxmusl-arm64": ["@img/sharp-linuxmusl-arm64@0.34.5", "", { "optionalDependencies": { "@img/sharp-libvips-linuxmusl-arm64": "1.2.4" }, "os": "linux", "cpu": "arm64" }, "sha512-fprJR6GtRsMt6Kyfq44IsChVZeGN97gTD331weR1ex1c1rypDEABN6Tm2xa1wE6lYb5DdEnk03NZPqA7Id21yg=="],

    "@img/sharp-linuxmusl-x64": ["@img/sharp-linuxmusl-x64@0.34.5", "", { "optionalDependencies": { "@img/sharp-libvips-linuxmusl-x64": "1.2.4" }, "os": "linux", "cpu": "x64" }, "sha512-Jg8wNT1MUzIvhBFxViqrEhWDGzqymo3sV7z7ZsaWbZNDLXRJZoRGrjulp60YYtV4wfY8VIKcWidjojlLcWrd8Q=="],

    "@img/sharp-wasm32": ["@img/sharp-wasm32@0.34.5", "", { "dependencies": { "@emnapi/runtime": "^1.7.0" }, "cpu": "none" }, "sha512-OdWTEiVkY2PHwqkbBI8frFxQQFekHaSSkUIJkwzclWZe64O1X4UlUjqqqLaPbUpMOQk6FBu/HtlGXNblIs0huw=="],

    "@img/sharp-win32-arm64": ["@img/sharp-win32-arm64@0.34.5", "", { "os": "win32", "cpu": "arm64" }, "sha512-WQ3AgWCWYSb2yt+IG8mnC6Jdk9Whs7O0gxphblsLvdhSpSTtmu69ZG1Gkb6NuvxsNACwiPV6cNSZNzt0KPsw7g=="],

    "@img/sharp-win32-ia32": ["@img/sharp-win32-ia32@0.34.5", "", { "os": "win32", "cpu": "ia32" }, "sha512-FV9m/7NmeCmSHDD5j4+4pNI8Cp3aW+JvLoXcTUo0IqyjSfAZJ8dIUmijx1qaJsIiU+Hosw6xM5KijAWRJCSgNg=="],

    "@img/sharp-win32-x64": ["@img/sharp-win32-x64@0.34.5", "", { "os": "win32", "cpu": "x64" }, "sha512-+29YMsqY2/9eFEiW93eqWnuLcWcufowXewwSNIT6UwZdUUCrM3oFjMWH/Z6/TMmb4hlFenmfAVbpWeup2jryCw=="],

    "@isaacs/fs-minipass": ["@isaacs/fs-minipass@4.0.1", "", { "dependencies": { "minipass": "^7.0.4" } }, "sha512-wgm9Ehl2jpeqP3zw/7mo3kRHFp5MEDhqAdwy1fTGkHAwnkGOVsgpvQhL8B5n1qlb01jV3n/bI0ZfZp5lWA1k4w=="],

    "@jridgewell/gen-mapping": ["@jridgewell/gen-mapping@0.3.8", "", { "dependencies": { "@jridgewell/set-array": "^1.2.1", "@jridgewell/sourcemap-codec": "^1.4.10", "@jridgewell/trace-mapping": "^0.3.24" } }, "sha512-imAbBGkb+ebQyxKgzv5Hu2nmROxoDOXHh80evxdoXNOrvAnVx7zimzc1Oo5h9RlfV4vPXaE2iM5pOFbvOCClWA=="],

    "@jridgewell/resolve-uri": ["@jridgewell/resolve-uri@3.1.2", "", {}, "sha512-bRISgCIjP20/tbWSPWMEi54QVPRZExkuD9lJL+UIxUKtwVJA8wW1Trb1jMs1RFXo1CBTNZ/5hpC9QvmKWdopKw=="],

    "@jridgewell/set-array": ["@jridgewell/set-array@1.2.1", "", {}, "sha512-R8gLRTZeyp03ymzP/6Lil/28tGeGEzhx1q2k703KGWRAI1VdvPIXdG70VJc2pAMw3NA6JKL5hhFu1sJX0Mnn/A=="],

    "@jridgewell/sourcemap-codec": ["@jridgewell/sourcemap-codec@1.5.0", "", {}, "sha512-gv3ZRaISU3fjPAgNsriBRqGWQL6quFx04YMPW/zD8XMLsU32mhCCbfbO6KZFLjvYpCZ8zyDEgqsgf+PwPaM7GQ=="],

    "@jridgewell/trace-mapping": ["@jridgewell/trace-mapping@0.3.25", "", { "dependencies": { "@jridgewell/resolve-uri": "^3.1.0", "@jridgewell/sourcemap-codec": "^1.4.14" } }, "sha512-vNk6aEwybGtawWmy/PzwnGDOjCkLWSD2wqvjGGAgOAwCGWySYXfYoxt00IJkTF+8Lb57DwOb3Aa0o9CApepiYQ=="],

    "@next/env": ["@next/env@16.1.6", "", {}, "sha512-N1ySLuZjnAtN3kFnwhAwPvZah8RJxKasD7x1f8shFqhncnWZn4JMfg37diLNuoHsLAlrDfM3g4mawVdtAG8XLQ=="],

    "@next/swc-darwin-arm64": ["@next/swc-darwin-arm64@16.1.6", "", { "os": "darwin", "cpu": "arm64" }, "sha512-wTzYulosJr/6nFnqGW7FrG3jfUUlEf8UjGA0/pyypJl42ExdVgC6xJgcXQ+V8QFn6niSG2Pb8+MIG1mZr2vczw=="],

    "@next/swc-darwin-x64": ["@next/swc-darwin-x64@16.1.6", "", { "os": "darwin", "cpu": "x64" }, "sha512-BLFPYPDO+MNJsiDWbeVzqvYd4NyuRrEYVB5k2N3JfWncuHAy2IVwMAOlVQDFjj+krkWzhY2apvmekMkfQR0CUQ=="],

    "@next/swc-linux-arm64-gnu": ["@next/swc-linux-arm64-gnu@16.1.6", "", { "os": "linux", "cpu": "arm64" }, "sha512-OJYkCd5pj/QloBvoEcJ2XiMnlJkRv9idWA/j0ugSuA34gMT6f5b7vOiCQHVRpvStoZUknhl6/UxOXL4OwtdaBw=="],

    "@next/swc-linux-arm64-musl": ["@next/swc-linux-arm64-musl@16.1.6", "", { "os": "linux", "cpu": "arm64" }, "sha512-S4J2v+8tT3NIO9u2q+S0G5KdvNDjXfAv06OhfOzNDaBn5rw84DGXWndOEB7d5/x852A20sW1M56vhC/tRVbccQ=="],

    "@next/swc-linux-x64-gnu": ["@next/swc-linux-x64-gnu@16.1.6", "", { "os": "linux", "cpu": "x64" }, "sha512-2eEBDkFlMMNQnkTyPBhQOAyn2qMxyG2eE7GPH2WIDGEpEILcBPI/jdSv4t6xupSP+ot/jkfrCShLAa7+ZUPcJQ=="],

    "@next/swc-linux-x64-musl": ["@next/swc-linux-x64-musl@16.1.6", "", { "os": "linux", "cpu": "x64" }, "sha512-oicJwRlyOoZXVlxmIMaTq7f8pN9QNbdes0q2FXfRsPhfCi8n8JmOZJm5oo1pwDaFbnnD421rVU409M3evFbIqg=="],

    "@next/swc-win32-arm64-msvc": ["@next/swc-win32-arm64-msvc@16.1.6", "", { "os": "win32", "cpu": "arm64" }, "sha512-gQmm8izDTPgs+DCWH22kcDmuUp7NyiJgEl18bcr8irXA5N2m2O+JQIr6f3ct42GOs9c0h8QF3L5SzIxcYAAXXw=="],

    "@next/swc-win32-x64-msvc": ["@next/swc-win32-x64-msvc@16.1.6", "", { "os": "win32", "cpu": "x64" }, "sha512-NRfO39AIrzBnixKbjuo2YiYhB6o9d8v/ymU9m/Xk8cyVk+k7XylniXkHwjs4s70wedVffc6bQNbufk5v0xEm0A=="],

    "@panva/hkdf": ["@panva/hkdf@1.2.1", "", {}, "sha512-6oclG6Y3PiDFcoyk8srjLfVKyMfVCKJ27JwNPViuXziFpmdz+MZnZN/aKY0JGXgYuO/VghU0jcOAZgWXZ1Dmrw=="],

    "@prisma/client": ["@prisma/client@6.19.1", "", { "peerDependencies": { "prisma": "*", "typescript": ">=5.1.0" }, "optionalPeers": ["prisma", "typescript"] }, "sha512-4SXj4Oo6HyQkLUWT8Ke5R0PTAfVOKip5Roo+6+b2EDTkFg5be0FnBWiuRJc0BC0sRQIWGMLKW1XguhVfW/z3/A=="],

    "@prisma/config": ["@prisma/config@6.19.1", "", { "dependencies": { "c12": "3.1.0", "deepmerge-ts": "7.1.5", "effect": "3.18.4", "empathic": "2.0.0" } }, "sha512-bUL/aYkGXLwxVGhJmQMtslLT7KPEfUqmRa919fKI4wQFX4bIFUKiY8Jmio/2waAjjPYrtuDHa7EsNCnJTXxiOw=="],

    "@prisma/debug": ["@prisma/debug@6.19.1", "", {}, "sha512-h1JImhlAd/s5nhY/e9qkAzausWldbeT+e4nZF7A4zjDYBF4BZmKDt4y0jK7EZapqOm1kW7V0e9agV/iFDy3fWw=="],

    "@prisma/engines": ["@prisma/engines@6.19.1", "", { "dependencies": { "@prisma/debug": "6.19.1", "@prisma/engines-version": "7.1.1-3.c2990dca591cba766e3b7ef5d9e8a84796e47ab7", "@prisma/fetch-engine": "6.19.1", "@prisma/get-platform": "6.19.1" } }, "sha512-xy95dNJ7DiPf9IJ3oaVfX785nbFl7oNDzclUF+DIiJw6WdWCvPl0LPU0YqQLsrwv8N64uOQkH391ujo3wSo+Nw=="],

    "@prisma/engines-version": ["@prisma/engines-version@7.1.1-3.c2990dca591cba766e3b7ef5d9e8a84796e47ab7", "", {}, "sha512-03bgb1VD5gvuumNf+7fVGBzfpJPjmqV423l/WxsWk2cNQ42JD0/SsFBPhN6z8iAvdHs07/7ei77SKu7aZfq8bA=="],

    "@prisma/extension-accelerate": ["@prisma/extension-accelerate@1.3.0", "", { "peerDependencies": { "@prisma/client": ">=4.16.1" } }, "sha512-W41D+kWejVJvMFEh45oYIU0VY+lIE3hh5vyHLHxgpyOfF+EHzSr8EIPT9kPRJg1FTYR7WGutXi64nyaNFUJ06A=="],

    "@prisma/fetch-engine": ["@prisma/fetch-engine@6.19.1", "", { "dependencies": { "@prisma/debug": "6.19.1", "@prisma/engines-version": "7.1.1-3.c2990dca591cba766e3b7ef5d9e8a84796e47ab7", "@prisma/get-platform": "6.19.1" } }, "sha512-mmgcotdaq4VtAHO6keov3db+hqlBzQS6X7tR7dFCbvXjLVTxBYdSJFRWz+dq7F9p6dvWyy1X0v8BlfRixyQK6g=="],

    "@prisma/get-platform": ["@prisma/get-platform@6.19.1", "", { "dependencies": { "@prisma/debug": "6.19.1" } }, "sha512-zsg44QUiQAnFUyh6Fbt7c9HjMXHwFTqtrgcX7DAZmRgnkPyYT7Sh8Mn8D5PuuDYNtMOYcpLGg576MLfIORsBYw=="],

    "@standard-schema/spec": ["@standard-schema/spec@1.1.0", "", {}, "sha512-l2aFy5jALhniG5HgqrD6jXLi/rUWrKvqN/qJx6yoJsgKhblVd+iqqU4RCXavm/jPityDo5TCvKMnpjKnOriy0w=="],

    "@swc/helpers": ["@swc/helpers@0.5.15", "", { "dependencies": { "tslib": "^2.8.0" } }, "sha512-JQ5TuMi45Owi4/BIMAJBoSQoOJu12oOk/gADqlcUL9JEdHB8vyjUSsxqeNXnmXHjYKMi2WcYtezGEEhqUI/E2g=="],

    "@tailwindcss/node": ["@tailwindcss/node@4.1.11", "", { "dependencies": { "@ampproject/remapping": "^2.3.0", "enhanced-resolve": "^5.18.1", "jiti": "^2.4.2", "lightningcss": "1.30.1", "magic-string": "^0.30.17", "source-map-js": "^1.2.1", "tailwindcss": "4.1.11" } }, "sha512-yzhzuGRmv5QyU9qLNg4GTlYI6STedBWRE7NjxP45CsFYYq9taI0zJXZBMqIC/c8fViNLhmrbpSFS57EoxUmD6Q=="],

    "@tailwindcss/oxide": ["@tailwindcss/oxide@4.1.11", "", { "dependencies": { "detect-libc": "^2.0.4", "tar": "^7.4.3" }, "optionalDependencies": { "@tailwindcss/oxide-android-arm64": "4.1.11", "@tailwindcss/oxide-darwin-arm64": "4.1.11", "@tailwindcss/oxide-darwin-x64": "4.1.11", "@tailwindcss/oxide-freebsd-x64": "4.1.11", "@tailwindcss/oxide-linux-arm-gnueabihf": "4.1.11", "@tailwindcss/oxide-linux-arm64-gnu": "4.1.11", "@tailwindcss/oxide-linux-arm64-musl": "4.1.11", "@tailwindcss/oxide-linux-x64-gnu": "4.1.11", "@tailwindcss/oxide-linux-x64-musl": "4.1.11", "@tailwindcss/oxide-wasm32-wasi": "4.1.11", "@tailwindcss/oxide-win32-arm64-msvc": "4.1.11", "@tailwindcss/oxide-win32-x64-msvc": "4.1.11" } }, "sha512-Q69XzrtAhuyfHo+5/HMgr1lAiPP/G40OMFAnws7xcFEYqcypZmdW8eGXaOUIeOl1dzPJBPENXgbjsOyhg2nkrg=="],

    "@tailwindcss/oxide-android-arm64": ["@tailwindcss/oxide-android-arm64@4.1.11", "", { "os": "android", "cpu": "arm64" }, "sha512-3IfFuATVRUMZZprEIx9OGDjG3Ou3jG4xQzNTvjDoKmU9JdmoCohQJ83MYd0GPnQIu89YoJqvMM0G3uqLRFtetg=="],

    "@tailwindcss/oxide-darwin-arm64": ["@tailwindcss/oxide-darwin-arm64@4.1.11", "", { "os": "darwin", "cpu": "arm64" }, "sha512-ESgStEOEsyg8J5YcMb1xl8WFOXfeBmrhAwGsFxxB2CxY9evy63+AtpbDLAyRkJnxLy2WsD1qF13E97uQyP1lfQ=="],

    "@tailwindcss/oxide-darwin-x64": ["@tailwindcss/oxide-darwin-x64@4.1.11", "", { "os": "darwin", "cpu": "x64" }, "sha512-EgnK8kRchgmgzG6jE10UQNaH9Mwi2n+yw1jWmof9Vyg2lpKNX2ioe7CJdf9M5f8V9uaQxInenZkOxnTVL3fhAw=="],

    "@tailwindcss/oxide-freebsd-x64": ["@tailwindcss/oxide-freebsd-x64@4.1.11", "", { "os": "freebsd", "cpu": "x64" }, "sha512-xdqKtbpHs7pQhIKmqVpxStnY1skuNh4CtbcyOHeX1YBE0hArj2romsFGb6yUmzkq/6M24nkxDqU8GYrKrz+UcA=="],

    "@tailwindcss/oxide-linux-arm-gnueabihf": ["@tailwindcss/oxide-linux-arm-gnueabihf@4.1.11", "", { "os": "linux", "cpu": "arm" }, "sha512-ryHQK2eyDYYMwB5wZL46uoxz2zzDZsFBwfjssgB7pzytAeCCa6glsiJGjhTEddq/4OsIjsLNMAiMlHNYnkEEeg=="],

    "@tailwindcss/oxide-linux-arm64-gnu": ["@tailwindcss/oxide-linux-arm64-gnu@4.1.11", "", { "os": "linux", "cpu": "arm64" }, "sha512-mYwqheq4BXF83j/w75ewkPJmPZIqqP1nhoghS9D57CLjsh3Nfq0m4ftTotRYtGnZd3eCztgbSPJ9QhfC91gDZQ=="],

    "@tailwindcss/oxide-linux-arm64-musl": ["@tailwindcss/oxide-linux-arm64-musl@4.1.11", "", { "os": "linux", "cpu": "arm64" }, "sha512-m/NVRFNGlEHJrNVk3O6I9ggVuNjXHIPoD6bqay/pubtYC9QIdAMpS+cswZQPBLvVvEF6GtSNONbDkZrjWZXYNQ=="],

    "@tailwindcss/oxide-linux-x64-gnu": ["@tailwindcss/oxide-linux-x64-gnu@4.1.11", "", { "os": "linux", "cpu": "x64" }, "sha512-YW6sblI7xukSD2TdbbaeQVDysIm/UPJtObHJHKxDEcW2exAtY47j52f8jZXkqE1krdnkhCMGqP3dbniu1Te2Fg=="],

    "@tailwindcss/oxide-linux-x64-musl": ["@tailwindcss/oxide-linux-x64-musl@4.1.11", "", { "os": "linux", "cpu": "x64" }, "sha512-e3C/RRhGunWYNC3aSF7exsQkdXzQ/M+aYuZHKnw4U7KQwTJotnWsGOIVih0s2qQzmEzOFIJ3+xt7iq67K/p56Q=="],

    "@tailwindcss/oxide-wasm32-wasi": ["@tailwindcss/oxide-wasm32-wasi@4.1.11", "", { "dependencies": { "@emnapi/core": "^1.4.3", "@emnapi/runtime": "^1.4.3", "@emnapi/wasi-threads": "^1.0.2", "@napi-rs/wasm-runtime": "^0.2.11", "@tybys/wasm-util": "^0.9.0", "tslib": "^2.8.0" }, "cpu": "none" }, "sha512-Xo1+/GU0JEN/C/dvcammKHzeM6NqKovG+6921MR6oadee5XPBaKOumrJCXvopJ/Qb5TH7LX/UAywbqrP4lax0g=="],

    "@tailwindcss/oxide-win32-arm64-msvc": ["@tailwindcss/oxide-win32-arm64-msvc@4.1.11", "", { "os": "win32", "cpu": "arm64" }, "sha512-UgKYx5PwEKrac3GPNPf6HVMNhUIGuUh4wlDFR2jYYdkX6pL/rn73zTq/4pzUm8fOjAn5L8zDeHp9iXmUGOXZ+w=="],

    "@tailwindcss/oxide-win32-x64-msvc": ["@tailwindcss/oxide-win32-x64-msvc@4.1.11", "", { "os": "win32", "cpu": "x64" }, "sha512-YfHoggn1j0LK7wR82TOucWc5LDCguHnoS879idHekmmiR7g9HUtMw9MI0NHatS28u/Xlkfi9w5RJWgz2Dl+5Qg=="],

    "@tailwindcss/postcss": ["@tailwindcss/postcss@4.1.11", "", { "dependencies": { "@alloc/quick-lru": "^5.2.0", "@tailwindcss/node": "4.1.11", "@tailwindcss/oxide": "4.1.11", "postcss": "^8.4.41", "tailwindcss": "4.1.11" } }, "sha512-q/EAIIpF6WpLhKEuQSEVMZNMIY8KhWoAemZ9eylNAih9jxMGAYPPWBn3I9QL/2jZ+e7OEz/tZkX5HwbBR4HohA=="],

    "@types/node": ["@types/node@20.19.2", "", { "dependencies": { "undici-types": "~6.21.0" } }, "sha512-9pLGGwdzOUBDYi0GNjM97FIA+f92fqSke6joWeBjWXllfNxZBs7qeMF7tvtOIsbY45xkWkxrdwUfUf3MnQa9gA=="],

    "@types/react": ["@types/react@19.2.14", "", { "dependencies": { "csstype": "^3.2.2" } }, "sha512-ilcTH/UniCkMdtexkoCN0bI7pMcJDvmQFPvuPvmEaYA/NSfFTAgdUSLAoVjaRJm7+6PvcM+q1zYOwS4wTYMF9w=="],

    "@types/react-dom": ["@types/react-dom@19.2.3", "", { "peerDependencies": { "@types/react": "^19.2.0" } }, "sha512-jp2L/eY6fn+KgVVQAOqYItbF0VY/YApe5Mz2F0aykSO8gx31bYCZyvSeYxCHKvzHG5eZjc+zyaS5BrBWya2+kQ=="],

    "@types/validator": ["@types/validator@13.15.2", "", {}, "sha512-y7pa/oEJJ4iGYBxOpfAKn5b9+xuihvzDVnC/OSvlVnGxVg0pOqmjiMafiJ1KVNQEaPZf9HsEp5icEwGg8uIe5Q=="],

    "baseline-browser-mapping": ["baseline-browser-mapping@2.10.0", "", { "bin": { "baseline-browser-mapping": "dist/cli.cjs" } }, "sha512-lIyg0szRfYbiy67j9KN8IyeD7q7hcmqnJ1ddWmNt19ItGpNN64mnllmxUNFIOdOm6by97jlL6wfpTTJrmnjWAA=="],

    "bcryptjs": ["bcryptjs@3.0.2", "", { "bin": { "bcrypt": "bin/bcrypt" } }, "sha512-k38b3XOZKv60C4E2hVsXTolJWfkGRMbILBIe2IBITXciy5bOsTKot5kDrf3ZfufQtQOUN5mXceUEpU1rTl9Uog=="],

    "c12": ["c12@3.1.0", "", { "dependencies": { "chokidar": "^4.0.3", "confbox": "^0.2.2", "defu": "^6.1.4", "dotenv": "^16.6.1", "exsolve": "^1.0.7", "giget": "^2.0.0", "jiti": "^2.4.2", "ohash": "^2.0.11", "pathe": "^2.0.3", "perfect-debounce": "^1.0.0", "pkg-types": "^2.2.0", "rc9": "^2.1.2" }, "peerDependencies": { "magicast": "^0.3.5" }, "optionalPeers": ["magicast"] }, "sha512-uWoS8OU1MEIsOv8p/5a82c3H31LsWVR5qiyXVfBNOzfffjUWtPnhAb4BYI2uG2HfGmZmFjCtui5XNWaps+iFuw=="],

    "caniuse-lite": ["caniuse-lite@1.0.30001726", "", {}, "sha512-VQAUIUzBiZ/UnlM28fSp2CRF3ivUn1BWEvxMcVTNwpw91Py1pGbPIyIKtd+tzct9C3ouceCVdGAXxZOpZAsgdw=="],

    "chokidar": ["chokidar@4.0.3", "", { "dependencies": { "readdirp": "^4.0.1" } }, "sha512-Qgzu8kfBvo+cA4962jnP1KkS6Dop5NS6g7R5LFYJr4b8Ub94PPQXUksCw9PvXoeXPRRddRNC5C1JQUR2SMGtnA=="],

    "chownr": ["chownr@3.0.0", "", {}, "sha512-+IxzY9BZOQd/XuYPRmrvEVjF/nqj5kgT4kEq7VofrDoM1MxoRjEWkrCC3EtLi59TVawxTAn+orJwFQcrqEN1+g=="],

    "citty": ["citty@0.1.6", "", { "dependencies": { "consola": "^3.2.3" } }, "sha512-tskPPKEs8D2KPafUypv2gxwJP8h/OaJmC82QQGGDQcHvXX43xF2VDACcJVmZ0EuSxkpO9Kc4MlrA3q0+FG58AQ=="],

    "client-only": ["client-only@0.0.1", "", {}, "sha512-IV3Ou0jSMzZrd3pZ48nLkT9DA7Ag1pnPzaiQhpW7c3RbcqqzvzzVu+L8gfqMp/8IM2MQtSiqaCxrrcfu8I8rMA=="],

    "confbox": ["confbox@0.2.4", "", {}, "sha512-ysOGlgTFbN2/Y6Cg3Iye8YKulHw+R2fNXHrgSmXISQdMnomY6eNDprVdW9R5xBguEqI954+S6709UyiO7B+6OQ=="],

    "consola": ["consola@3.4.2", "", {}, "sha512-5IKcdX0nnYavi6G7TtOhwkYzyjfJlatbjMjuLSfE2kYT5pMDOilZ4OvMhi637CcDICTmz3wARPoyhqyX1Y+XvA=="],

    "cookie": ["cookie@0.7.2", "", {}, "sha512-yki5XnKuf750l50uGTllt6kKILY4nQ1eNIQatoXEByZ5dWgnKqbnqmTrBE5B4N7lrMJKQ2ytWMiTO2o0v6Ew/w=="],

    "csstype": ["csstype@3.2.3", "", {}, "sha512-z1HGKcYy2xA8AGQfwrn0PAy+PB7X/GSj3UVJW9qKyn43xWa+gl5nXmU4qqLMRzWVLFC8KusUX8T/0kCiOYpAIQ=="],

    "deepmerge-ts": ["deepmerge-ts@7.1.5", "", {}, "sha512-HOJkrhaYsweh+W+e74Yn7YStZOilkoPb6fycpwNLKzSPtruFs48nYis0zy5yJz1+ktUhHxoRDJ27RQAWLIJVJw=="],

    "defu": ["defu@6.1.4", "", {}, "sha512-mEQCMmwJu317oSz8CwdIOdwf3xMif1ttiM8LTufzc3g6kR+9Pe236twL8j3IYT1F7GfRgGcW6MWxzZjLIkuHIg=="],

    "destr": ["destr@2.0.5", "", {}, "sha512-ugFTXCtDZunbzasqBxrK93Ik/DRYsO6S/fedkWEMKqt04xZ4csmnmwGDBAb07QWNaGMAmnTIemsYZCksjATwsA=="],

    "detect-libc": ["detect-libc@2.0.4", "", {}, "sha512-3UDv+G9CsCKO1WKMGw9fwq/SWJYbI0c5Y7LU1AXYoDdbhE2AHQ6N6Nb34sG8Fj7T5APy8qXDCKuuIHd1BR0tVA=="],

    "dotenv": ["dotenv@16.6.1", "", {}, "sha512-uBq4egWHTcTt33a72vpSG0z3HnPuIl6NqYcTrKEg2azoEyl2hpW0zqlxysq2pK9HlDIHyHyakeYaYnSAwd8bow=="],

    "effect": ["effect@3.18.4", "", { "dependencies": { "@standard-schema/spec": "^1.0.0", "fast-check": "^3.23.1" } }, "sha512-b1LXQJLe9D11wfnOKAk3PKxuqYshQ0Heez+y5pnkd3jLj1yx9QhM72zZ9uUrOQyNvrs2GZZd/3maL0ZV18YuDA=="],

    "empathic": ["empathic@2.0.0", "", {}, "sha512-i6UzDscO/XfAcNYD75CfICkmfLedpyPDdozrLMmQc5ORaQcdMoc21OnlEylMIqI7U8eniKrPMxxtj8k0vhmJhA=="],

    "enhanced-resolve": ["enhanced-resolve@5.18.2", "", { "dependencies": { "graceful-fs": "^4.2.4", "tapable": "^2.2.0" } }, "sha512-6Jw4sE1maoRJo3q8MsSIn2onJFbLTOjY9hlx4DZXmOKvLRd1Ok2kXmAGXaafL2+ijsJZ1ClYbl/pmqr9+k4iUQ=="],

    "exsolve": ["exsolve@1.0.8", "", {}, "sha512-LmDxfWXwcTArk8fUEnOfSZpHOJ6zOMUJKOtFLFqJLoKJetuQG874Uc7/Kki7zFLzYybmZhp1M7+98pfMqeX8yA=="],

    "fast-check": ["fast-check@3.23.2", "", { "dependencies": { "pure-rand": "^6.1.0" } }, "sha512-h5+1OzzfCC3Ef7VbtKdcv7zsstUQwUDlYpUTvjeUsJAssPgLn7QzbboPtL5ro04Mq0rPOsMzl7q5hIbRs2wD1A=="],

    "giget": ["giget@2.0.0", "", { "dependencies": { "citty": "^0.1.6", "consola": "^3.4.0", "defu": "^6.1.4", "node-fetch-native": "^1.6.6", "nypm": "^0.6.0", "pathe": "^2.0.3" }, "bin": { "giget": "dist/cli.mjs" } }, "sha512-L5bGsVkxJbJgdnwyuheIunkGatUF/zssUoxxjACCseZYAVbaqdh9Tsmmlkl8vYan09H7sbvKt4pS8GqKLBrEzA=="],

    "graceful-fs": ["graceful-fs@4.2.11", "", {}, "sha512-RbJ5/jmFcNNCcDV5o9eTnBLJ/HszWV0P73bc+Ff4nS/rJj+YaS6IGyiOL0VoBYX+l1Wrl3k63h/KrH+nhJ0XvQ=="],

    "jiti": ["jiti@2.4.2", "", { "bin": { "jiti": "lib/jiti-cli.mjs" } }, "sha512-rg9zJN+G4n2nfJl5MW3BMygZX56zKPNVEYYqq7adpmMh4Jn2QNEwhvQlFy6jPVdcod7txZtKHWnyZiA3a0zP7A=="],

    "jose": ["jose@4.15.9", "", {}, "sha512-1vUQX+IdDMVPj4k8kOxgUqlcK518yluMuGZwqlr44FS1ppZB/5GWh4rZG89erpOBOJjU/OBsnCVFfapsRz6nEA=="],

    "lightningcss": ["lightningcss@1.30.1", "", { "dependencies": { "detect-libc": "^2.0.3" }, "optionalDependencies": { "lightningcss-darwin-arm64": "1.30.1", "lightningcss-darwin-x64": "1.30.1", "lightningcss-freebsd-x64": "1.30.1", "lightningcss-linux-arm-gnueabihf": "1.30.1", "lightningcss-linux-arm64-gnu": "1.30.1", "lightningcss-linux-arm64-musl": "1.30.1", "lightningcss-linux-x64-gnu": "1.30.1", "lightningcss-linux-x64-musl": "1.30.1", "lightningcss-win32-arm64-msvc": "1.30.1", "lightningcss-win32-x64-msvc": "1.30.1" } }, "sha512-xi6IyHML+c9+Q3W0S4fCQJOym42pyurFiJUHEcEyHS0CeKzia4yZDEsLlqOFykxOdHpNy0NmvVO31vcSqAxJCg=="],

    "lightningcss-darwin-arm64": ["lightningcss-darwin-arm64@1.30.1", "", { "os": "darwin", "cpu": "arm64" }, "sha512-c8JK7hyE65X1MHMN+Viq9n11RRC7hgin3HhYKhrMyaXflk5GVplZ60IxyoVtzILeKr+xAJwg6zK6sjTBJ0FKYQ=="],

    "lightningcss-darwin-x64": ["lightningcss-darwin-x64@1.30.1", "", { "os": "darwin", "cpu": "x64" }, "sha512-k1EvjakfumAQoTfcXUcHQZhSpLlkAuEkdMBsI/ivWw9hL+7FtilQc0Cy3hrx0AAQrVtQAbMI7YjCgYgvn37PzA=="],

    "lightningcss-freebsd-x64": ["lightningcss-freebsd-x64@1.30.1", "", { "os": "freebsd", "cpu": "x64" }, "sha512-kmW6UGCGg2PcyUE59K5r0kWfKPAVy4SltVeut+umLCFoJ53RdCUWxcRDzO1eTaxf/7Q2H7LTquFHPL5R+Gjyig=="],

    "lightningcss-linux-arm-gnueabihf": ["lightningcss-linux-arm-gnueabihf@1.30.1", "", { "os": "linux", "cpu": "arm" }, "sha512-MjxUShl1v8pit+6D/zSPq9S9dQ2NPFSQwGvxBCYaBYLPlCWuPh9/t1MRS8iUaR8i+a6w7aps+B4N0S1TYP/R+Q=="],

    "lightningcss-linux-arm64-gnu": ["lightningcss-linux-arm64-gnu@1.30.1", "", { "os": "linux", "cpu": "arm64" }, "sha512-gB72maP8rmrKsnKYy8XUuXi/4OctJiuQjcuqWNlJQ6jZiWqtPvqFziskH3hnajfvKB27ynbVCucKSm2rkQp4Bw=="],

    "lightningcss-linux-arm64-musl": ["lightningcss-linux-arm64-musl@1.30.1", "", { "os": "linux", "cpu": "arm64" }, "sha512-jmUQVx4331m6LIX+0wUhBbmMX7TCfjF5FoOH6SD1CttzuYlGNVpA7QnrmLxrsub43ClTINfGSYyHe2HWeLl5CQ=="],

    "lightningcss-linux-x64-gnu": ["lightningcss-linux-x64-gnu@1.30.1", "", { "os": "linux", "cpu": "x64" }, "sha512-piWx3z4wN8J8z3+O5kO74+yr6ze/dKmPnI7vLqfSqI8bccaTGY5xiSGVIJBDd5K5BHlvVLpUB3S2YCfelyJ1bw=="],

    "lightningcss-linux-x64-musl": ["lightningcss-linux-x64-musl@1.30.1", "", { "os": "linux", "cpu": "x64" }, "sha512-rRomAK7eIkL+tHY0YPxbc5Dra2gXlI63HL+v1Pdi1a3sC+tJTcFrHX+E86sulgAXeI7rSzDYhPSeHHjqFhqfeQ=="],

    "lightningcss-win32-arm64-msvc": ["lightningcss-win32-arm64-msvc@1.30.1", "", { "os": "win32", "cpu": "arm64" }, "sha512-mSL4rqPi4iXq5YVqzSsJgMVFENoa4nGTT/GjO2c0Yl9OuQfPsIfncvLrEW6RbbB24WtZ3xP/2CCmI3tNkNV4oA=="],

    "lightningcss-win32-x64-msvc": ["lightningcss-win32-x64-msvc@1.30.1", "", { "os": "win32", "cpu": "x64" }, "sha512-PVqXh48wh4T53F/1CCu8PIPCxLzWyCnn/9T5W1Jpmdy5h9Cwd+0YQS6/LwhHXSafuc61/xg9Lv5OrCby6a++jg=="],

    "lru-cache": ["lru-cache@6.0.0", "", { "dependencies": { "yallist": "^4.0.0" } }, "sha512-Jo6dJ04CmSjuznwJSS3pUeWmd/H0ffTlkXXgwZi+eq1UCmqQwCh+eLsYOYCwY991i2Fah4h1BEMCx4qThGbsiA=="],

    "magic-string": ["magic-string@0.30.17", "", { "dependencies": { "@jridgewell/sourcemap-codec": "^1.5.0" } }, "sha512-sNPKHvyjVf7gyjwS4xGTaW/mCnF8wnjtifKBEhxfZ7E/S8tQ0rssrwGNn6q8JH/ohItJfSQp9mBtQYuTlH5QnA=="],

    "minipass": ["minipass@7.1.2", "", {}, "sha512-qOOzS1cBTWYF4BH8fVePDBOO9iptMnGUEZwNc/cMWnTV2nVLZ7VoNWEPHkYczZA0pdoA7dl6e7FL659nX9S2aw=="],

    "minizlib": ["minizlib@3.0.2", "", { "dependencies": { "minipass": "^7.1.2" } }, "sha512-oG62iEk+CYt5Xj2YqI5Xi9xWUeZhDI8jjQmC5oThVH5JGCTgIjr7ciJDzC7MBzYd//WvR1OTmP5Q38Q8ShQtVA=="],

    "mkdirp": ["mkdirp@3.0.1", "", { "bin": { "mkdirp": "dist/cjs/src/bin.js" } }, "sha512-+NsyUUAZDmo6YVHzL/stxSu3t9YS1iljliy3BSDrXJ/dkn1KYdmtZODGGjLcc9XLgVVpH4KshHB8XmZgMhaBXg=="],

    "nanoid": ["nanoid@3.3.11", "", { "bin": { "nanoid": "bin/nanoid.cjs" } }, "sha512-N8SpfPUnUp1bK+PMYW8qSWdl9U+wwNWI4QKxOYDy9JAro3WMX7p2OeVRF9v+347pnakNevPmiHhNmZ2HbFA76w=="],

    "next": ["next@16.1.6", "", { "dependencies": { "@next/env": "16.1.6", "@swc/helpers": "0.5.15", "baseline-browser-mapping": "^2.8.3", "caniuse-lite": "^1.0.30001579", "postcss": "8.4.31", "styled-jsx": "5.1.6" }, "optionalDependencies": { "@next/swc-darwin-arm64": "16.1.6", "@next/swc-darwin-x64": "16.1.6", "@next/swc-linux-arm64-gnu": "16.1.6", "@next/swc-linux-arm64-musl": "16.1.6", "@next/swc-linux-x64-gnu": "16.1.6", "@next/swc-linux-x64-musl": "16.1.6", "@next/swc-win32-arm64-msvc": "16.1.6", "@next/swc-win32-x64-msvc": "16.1.6", "sharp": "^0.34.4" }, "peerDependencies": { "@opentelemetry/api": "^1.1.0", "@playwright/test": "^1.51.1", "babel-plugin-react-compiler": "*", "react": "^18.2.0 || 19.0.0-rc-de68d2f4-20241204 || ^19.0.0", "react-dom": "^18.2.0 || 19.0.0-rc-de68d2f4-20241204 || ^19.0.0", "sass": "^1.3.0" }, "optionalPeers": ["@opentelemetry/api", "@playwright/test", "babel-plugin-react-compiler", "sass"], "bin": { "next": "dist/bin/next" } }, "sha512-hkyRkcu5x/41KoqnROkfTm2pZVbKxvbZRuNvKXLRXxs3VfyO0WhY50TQS40EuKO9SW3rBj/sF3WbVwDACeMZyw=="],

    "next-auth": ["next-auth@4.24.11", "", { "dependencies": { "@babel/runtime": "^7.20.13", "@panva/hkdf": "^1.0.2", "cookie": "^0.7.0", "jose": "^4.15.5", "oauth": "^0.9.15", "openid-client": "^5.4.0", "preact": "^10.6.3", "preact-render-to-string": "^5.1.19", "uuid": "^8.3.2" }, "peerDependencies": { "@auth/core": "0.34.2", "next": "^12.2.5 || ^13 || ^14 || ^15", "nodemailer": "^6.6.5", "react": "^17.0.2 || ^18 || ^19", "react-dom": "^17.0.2 || ^18 || ^19" }, "optionalPeers": ["@auth/core", "nodemailer"] }, "sha512-pCFXzIDQX7xmHFs4KVH4luCjaCbuPRtZ9oBUjUhOk84mZ9WVPf94n87TxYI4rSRf9HmfHEF8Yep3JrYDVOo3Cw=="],

    "node-fetch-native": ["node-fetch-native@1.6.7", "", {}, "sha512-g9yhqoedzIUm0nTnTqAQvueMPVOuIY16bqgAJJC8XOOubYFNwz6IER9qs0Gq2Xd0+CecCKFjtdDTMA4u4xG06Q=="],

    "nypm": ["nypm@0.6.5", "", { "dependencies": { "citty": "^0.2.0", "pathe": "^2.0.3", "tinyexec": "^1.0.2" }, "bin": { "nypm": "dist/cli.mjs" } }, "sha512-K6AJy1GMVyfyMXRVB88700BJqNUkByijGJM8kEHpLdcAt+vSQAVfkWWHYzuRXHSY6xA2sNc5RjTj0p9rE2izVQ=="],

    "oauth": ["oauth@0.9.15", "", {}, "sha512-a5ERWK1kh38ExDEfoO6qUHJb32rd7aYmPHuyCu3Fta/cnICvYmgd2uhuKXvPD+PXB+gCEYYEaQdIRAjCOwAKNA=="],

    "oauth4webapi": ["oauth4webapi@3.8.5", "", {}, "sha512-A8jmyUckVhRJj5lspguklcl90Ydqk61H3dcU0oLhH3Yv13KpAliKTt5hknpGGPZSSfOwGyraNEFmofDYH+1kSg=="],

    "object-hash": ["object-hash@2.2.0", "", {}, "sha512-gScRMn0bS5fH+IuwyIFgnh9zBdo4DV+6GhygmWM9HyNJSgS0hScp1f5vjtm7oIIOiT9trXrShAkLFSc2IqKNgw=="],

    "ohash": ["ohash@2.0.11", "", {}, "sha512-RdR9FQrFwNBNXAr4GixM8YaRZRJ5PUWbKYbE5eOsrwAjJW0q2REGcf79oYPsLyskQCZG1PLN+S/K1V00joZAoQ=="],

    "oidc-token-hash": ["oidc-token-hash@5.1.0", "", {}, "sha512-y0W+X7Ppo7oZX6eovsRkuzcSM40Bicg2JEJkDJ4irIt1wsYAP5MLSNv+QAogO8xivMffw/9OvV3um1pxXgt1uA=="],

    "openid-client": ["openid-client@5.7.1", "", { "dependencies": { "jose": "^4.15.9", "lru-cache": "^6.0.0", "object-hash": "^2.2.0", "oidc-token-hash": "^5.0.3" } }, "sha512-jDBPgSVfTnkIh71Hg9pRvtJc6wTwqjRkN88+gCFtYWrlP4Yx2Dsrow8uPi3qLr/aeymPF3o2+dS+wOpglK04ew=="],

    "pathe": ["pathe@2.0.3", "", {}, "sha512-WUjGcAqP1gQacoQe+OBJsFA7Ld4DyXuUIjZ5cc75cLHvJ7dtNsTugphxIADwspS+AraAUePCKrSVtPLFj/F88w=="],

    "perfect-debounce": ["perfect-debounce@1.0.0", "", {}, "sha512-xCy9V055GLEqoFaHoC1SoLIaLmWctgCUaBaWxDZ7/Zx4CTyX7cJQLJOok/orfjZAh9kEYpjJa4d0KcJmCbctZA=="],

    "picocolors": ["picocolors@1.1.1", "", {}, "sha512-xceH2snhtb5M9liqDsmEw56le376mTZkEX/jEb/RxNFyegNul7eNslCXP9FDj/Lcu0X8KEyMceP2ntpaHrDEVA=="],

    "pkg-types": ["pkg-types@2.3.0", "", { "dependencies": { "confbox": "^0.2.2", "exsolve": "^1.0.7", "pathe": "^2.0.3" } }, "sha512-SIqCzDRg0s9npO5XQ3tNZioRY1uK06lA41ynBC1YmFTmnY6FjUjVt6s4LoADmwoig1qqD0oK8h1p/8mlMx8Oig=="],

    "postcss": ["postcss@8.5.6", "", { "dependencies": { "nanoid": "^3.3.11", "picocolors": "^1.1.1", "source-map-js": "^1.2.1" } }, "sha512-3Ybi1tAuwAP9s0r1UQ2J4n5Y0G05bJkpUIO0/bI9MhwmD70S5aTWbXGBwxHrelT+XM1k6dM0pk+SwNkpTRN7Pg=="],

    "preact": ["preact@10.26.9", "", {}, "sha512-SSjF9vcnF27mJK1XyFMNJzFd5u3pQiATFqoaDy03XuN00u4ziveVVEGt5RKJrDR8MHE/wJo9Nnad56RLzS2RMA=="],

    "preact-render-to-string": ["preact-render-to-string@5.2.6", "", { "dependencies": { "pretty-format": "^3.8.0" }, "peerDependencies": { "preact": ">=10" } }, "sha512-JyhErpYOvBV1hEPwIxc/fHWXPfnEGdRKxc8gFdAZ7XV4tlzyzG847XAyEZqoDnynP88akM4eaHcSOzNcLWFguw=="],

    "pretty-format": ["pretty-format@3.8.0", "", {}, "sha512-WuxUnVtlWL1OfZFQFuqvnvs6MiAGk9UNsBostyBOB0Is9wb5uRESevA6rnl/rkksXaGX3GzZhPup5d6Vp1nFew=="],

    "prisma": ["prisma@6.19.1", "", { "dependencies": { "@prisma/config": "6.19.1", "@prisma/engines": "6.19.1" }, "peerDependencies": { "typescript": ">=5.1.0" }, "optionalPeers": ["typescript"], "bin": { "prisma": "build/index.js" } }, "sha512-XRfmGzh6gtkc/Vq3LqZJcS2884dQQW3UhPo6jNRoiTW95FFQkXFg8vkYEy6og+Pyv0aY7zRQ7Wn1Cvr56XjhQQ=="],

    "pure-rand": ["pure-rand@6.1.0", "", {}, "sha512-bVWawvoZoBYpp6yIoQtQXHZjmz35RSVHnUOTefl8Vcjr8snTPY1wnpSPMWekcFwbxI6gtmT7rSYPFvz71ldiOA=="],

    "rc9": ["rc9@2.1.2", "", { "dependencies": { "defu": "^6.1.4", "destr": "^2.0.3" } }, "sha512-btXCnMmRIBINM2LDZoEmOogIZU7Qe7zn4BpomSKZ/ykbLObuBdvG+mFq11DL6fjH1DRwHhrlgtYWG96bJiC7Cg=="],

    "react": ["react@19.2.4", "", {}, "sha512-9nfp2hYpCwOjAN+8TZFGhtWEwgvWHXqESH8qT89AT/lWklpLON22Lc8pEtnpsZz7VmawabSU0gCjnj8aC0euHQ=="],

    "react-dom": ["react-dom@19.2.4", "", { "dependencies": { "scheduler": "^0.27.0" }, "peerDependencies": { "react": "^19.2.4" } }, "sha512-AXJdLo8kgMbimY95O2aKQqsz2iWi9jMgKJhRBAxECE4IFxfcazB2LmzloIoibJI3C12IlY20+KFaLv+71bUJeQ=="],

    "readdirp": ["readdirp@4.1.2", "", {}, "sha512-GDhwkLfywWL2s6vEjyhri+eXmfH6j1L7JE27WhqLeYzoh/A3DBaYGEj2H/HFZCn/kMfim73FXxEJTw06WtxQwg=="],

    "scheduler": ["scheduler@0.27.0", "", {}, "sha512-eNv+WrVbKu1f3vbYJT/xtiF5syA5HPIMtf9IgY/nKg0sWqzAUEvqY/xm7OcZc/qafLx/iO9FgOmeSAp4v5ti/Q=="],

    "semver": ["semver@7.7.4", "", { "bin": { "semver": "bin/semver.js" } }, "sha512-vFKC2IEtQnVhpT78h1Yp8wzwrf8CM+MzKMHGJZfBtzhZNycRFnXsHk6E5TxIkkMsgNS7mdX3AGB7x2QM2di4lA=="],

    "sharp": ["sharp@0.34.5", "", { "dependencies": { "@img/colour": "^1.0.0", "detect-libc": "^2.1.2", "semver": "^7.7.3" }, "optionalDependencies": { "@img/sharp-darwin-arm64": "0.34.5", "@img/sharp-darwin-x64": "0.34.5", "@img/sharp-libvips-darwin-arm64": "1.2.4", "@img/sharp-libvips-darwin-x64": "1.2.4", "@img/sharp-libvips-linux-arm": "1.2.4", "@img/sharp-libvips-linux-arm64": "1.2.4", "@img/sharp-libvips-linux-ppc64": "1.2.4", "@img/sharp-libvips-linux-riscv64": "1.2.4", "@img/sharp-libvips-linux-s390x": "1.2.4", "@img/sharp-libvips-linux-x64": "1.2.4", "@img/sharp-libvips-linuxmusl-arm64": "1.2.4", "@img/sharp-libvips-linuxmusl-x64": "1.2.4", "@img/sharp-linux-arm": "0.34.5", "@img/sharp-linux-arm64": "0.34.5", "@img/sharp-linux-ppc64": "0.34.5", "@img/sharp-linux-riscv64": "0.34.5", "@img/sharp-linux-s390x": "0.34.5", "@img/sharp-linux-x64": "0.34.5", "@img/sharp-linuxmusl-arm64": "0.34.5", "@img/sharp-linuxmusl-x64": "0.34.5", "@img/sharp-wasm32": "0.34.5", "@img/sharp-win32-arm64": "0.34.5", "@img/sharp-win32-ia32": "0.34.5", "@img/sharp-win32-x64": "0.34.5" } }, "sha512-Ou9I5Ft9WNcCbXrU9cMgPBcCK8LiwLqcbywW3t4oDV37n1pzpuNLsYiAV8eODnjbtQlSDwZ2cUEeQz4E54Hltg=="],

    "source-map-js": ["source-map-js@1.2.1", "", {}, "sha512-UXWMKhLOwVKb728IUtQPXxfYU+usdybtUrK/8uGE8CQMvrhOpwvzDBwj0QhSL7MQc7vIsISBG8VQ8+IDQxpfQA=="],

    "styled-jsx": ["styled-jsx@5.1.6", "", { "dependencies": { "client-only": "0.0.1" }, "peerDependencies": { "react": ">= 16.8.0 || 17.x.x || ^18.0.0-0 || ^19.0.0-0" } }, "sha512-qSVyDTeMotdvQYoHWLNGwRFJHC+i+ZvdBRYosOFgC+Wg1vx4frN2/RG/NA7SYqqvKNLf39P2LSRA2pu6n0XYZA=="],

    "swiper": ["swiper@11.2.10", "", {}, "sha512-RMeVUUjTQH+6N3ckimK93oxz6Sn5la4aDlgPzB+rBrG/smPdCTicXyhxa+woIpopz+jewEloiEE3lKo1h9w2YQ=="],

    "tailwindcss": ["tailwindcss@4.1.11", "", {}, "sha512-2E9TBm6MDD/xKYe+dvJZAmg3yxIEDNRc0jwlNyDg/4Fil2QcSLjFKGVff0lAf1jjeaArlG/M75Ey/EYr/OJtBA=="],

    "tapable": ["tapable@2.2.2", "", {}, "sha512-Re10+NauLTMCudc7T5WLFLAwDhQ0JWdrMK+9B2M8zR5hRExKmsRDCBA7/aV/pNJFltmBFO5BAMlQFi/vq3nKOg=="],

    "tar": ["tar@7.4.3", "", { "dependencies": { "@isaacs/fs-minipass": "^4.0.0", "chownr": "^3.0.0", "minipass": "^7.1.2", "minizlib": "^3.0.1", "mkdirp": "^3.0.1", "yallist": "^5.0.0" } }, "sha512-5S7Va8hKfV7W5U6g3aYxXmlPoZVAwUMy9AOKyF2fVuZa2UD3qZjg578OrLRt8PcNN1PleVaL/5/yYATNL0ICUw=="],

    "tinyexec": ["tinyexec@1.0.2", "", {}, "sha512-W/KYk+NFhkmsYpuHq5JykngiOCnxeVL8v8dFnqxSD8qEEdRfXk1SDM6JzNqcERbcGYj9tMrDQBYV9cjgnunFIg=="],

    "tslib": ["tslib@2.8.1", "", {}, "sha512-oJFu94HQb+KVduSUQL7wnpmqnfmLsOA/nAh6b6EH0wCEoK0/mPeXU6c3wKDV83MkOuHPRHtSXKKU99IBazS/2w=="],

    "typed.js": ["typed.js@2.1.0", "", {}, "sha512-bDuXEf7YcaKN4g08NMTUM6G90XU25CK3bh6U0THC/Mod/QPKlEt9g/EjvbYB8x2Qwr2p6J6I3NrsoYaVnY6wsQ=="],

    "typescript": ["typescript@5.8.3", "", { "bin": { "tsc": "bin/tsc", "tsserver": "bin/tsserver" } }, "sha512-p1diW6TqL9L07nNxvRMM7hMMw4c5XOo/1ibL4aAIGmSAt9slTE1Xgw5KWuof2uTOvCg9BY7ZRi+GaF+7sfgPeQ=="],

    "undici-types": ["undici-types@6.21.0", "", {}, "sha512-iwDZqg0QAGrg9Rav5H4n0M64c3mkR59cJ6wQp+7C4nI0gsmExaedaYLNO44eT4AtBBwjbTiGPMlt2Md0T9H9JQ=="],

    "uuid": ["uuid@8.3.2", "", { "bin": { "uuid": "dist/bin/uuid" } }, "sha512-+NYs2QeMWy+GWFOEm9xnn6HCDp0l7QBD7ml8zLUmJ+93Q5NF0NocErnwkTkXVFNiX3/fpC6afS8Dhb/gz7R7eg=="],

    "validator": ["validator@13.15.15", "", {}, "sha512-BgWVbCI72aIQy937xbawcs+hrVaN/CZ2UwutgaJ36hGqRrLNM+f5LUT/YPRbo8IV/ASeFzXszezV+y2+rq3l8A=="],

    "yallist": ["yallist@5.0.0", "", {}, "sha512-YgvUTfwqyc7UXVMrB+SImsVYSmTS8X/tSrtdNZMImM+n7+QTriRXyXim0mBrTXNeqzVF0KWGgHPeiyViFFrNDw=="],

    "zustand": ["zustand@5.0.6", "", { "peerDependencies": { "@types/react": ">=18.0.0", "immer": ">=9.0.6", "react": ">=18.0.0", "use-sync-external-store": ">=1.2.0" }, "optionalPeers": ["@types/react", "immer", "react", "use-sync-external-store"] }, "sha512-ihAqNeUVhe0MAD+X8M5UzqyZ9k3FFZLBTtqo6JLPwV53cbRB/mJwBI0PxcIgqhBBHlEs8G45OTDTMq3gNcLq3A=="],

    "@auth/core/jose": ["jose@6.1.3", "", {}, "sha512-0TpaTfihd4QMNwrz/ob2Bp7X04yuxJkjRGi4aKmOqwhov54i6u79oCv7T+C7lo70MKH6BesI3vscD1yb/yzKXQ=="],

    "@auth/core/preact": ["preact@10.24.3", "", {}, "sha512-Z2dPnBnMUfyQfSQ+GBdsGa16hz35YmLmtTLhM169uW944hYL6xzTYkJjC07j+Wosz733pMWx0fgON3JNw1jJQA=="],

    "@auth/core/preact-render-to-string": ["preact-render-to-string@6.5.11", "", { "peerDependencies": { "preact": ">=10" } }, "sha512-ubnauqoGczeGISiOh6RjX0/cdaF8v/oDXIjO85XALCQjwQP+SB4RDXXtvZ6yTYSjG+PC1QRP2AhPgCEsM2EvUw=="],

    "@tailwindcss/oxide-wasm32-wasi/@emnapi/core": ["@emnapi/core@1.4.3", "", { "dependencies": { "@emnapi/wasi-threads": "1.0.2", "tslib": "^2.4.0" }, "bundled": true }, "sha512-4m62DuCE07lw01soJwPiBGC0nAww0Q+RY70VZ+n49yDIO13yyinhbWCeNnaob0lakDtWQzSdtNWzJeOJt2ma+g=="],

    "@tailwindcss/oxide-wasm32-wasi/@emnapi/runtime": ["@emnapi/runtime@1.4.3", "", { "dependencies": { "tslib": "^2.4.0" }, "bundled": true }, "sha512-pBPWdu6MLKROBX05wSNKcNb++m5Er+KQ9QkB+WVM+pW2Kx9hoSrVTnu3BdkI5eBLZoKu/J6mW/B6i6bJB2ytXQ=="],

    "@tailwindcss/oxide-wasm32-wasi/@emnapi/wasi-threads": ["@emnapi/wasi-threads@1.0.2", "", { "dependencies": { "tslib": "^2.4.0" }, "bundled": true }, "sha512-5n3nTJblwRi8LlXkJ9eBzu+kZR8Yxcc7ubakyQTFzPMtIhFpUBRbsnc2Dv88IZDIbCDlBiWrknhB4Lsz7mg6BA=="],

    "@tailwindcss/oxide-wasm32-wasi/@napi-rs/wasm-runtime": ["@napi-rs/wasm-runtime@0.2.11", "", { "dependencies": { "@emnapi/core": "^1.4.3", "@emnapi/runtime": "^1.4.3", "@tybys/wasm-util": "^0.9.0" }, "bundled": true }, "sha512-9DPkXtvHydrcOsopiYpUgPHpmj0HWZKMUnL2dZqpvC42lsratuBG06V5ipyno0fUek5VlFsNQ+AcFATSrJXgMA=="],

    "@tailwindcss/oxide-wasm32-wasi/@tybys/wasm-util": ["@tybys/wasm-util@0.9.0", "", { "dependencies": { "tslib": "^2.4.0" }, "bundled": true }, "sha512-6+7nlbMVX/PVDCwaIQ8nTOPveOcFLSt8GcXdx8hD0bt39uWxYT88uXzqTd4fTvqta7oeUJqudepapKNt2DYJFw=="],

    "@tailwindcss/oxide-wasm32-wasi/tslib": ["tslib@2.8.1", "", { "bundled": true }, "sha512-oJFu94HQb+KVduSUQL7wnpmqnfmLsOA/nAh6b6EH0wCEoK0/mPeXU6c3wKDV83MkOuHPRHtSXKKU99IBazS/2w=="],

    "lru-cache/yallist": ["yallist@4.0.0", "", {}, "sha512-3wdGidZyq5PB084XLES5TpOSRA3wjXAlIWMhum2kRcv/41Sn2emQ0dycQW4uZXLejwKvg6EsvbdlVL+FYEct7A=="],

    "next/postcss": ["postcss@8.4.31", "", { "dependencies": { "nanoid": "^3.3.6", "picocolors": "^1.0.0", "source-map-js": "^1.0.2" } }, "sha512-PS08Iboia9mts/2ygV3eLpY5ghnUcfLV/EXTOW1E2qYxJKGGBUtNjN76FYHnMs36RmARn41bC0AZmn+rR0OVpQ=="],

    "nypm/citty": ["citty@0.2.1", "", {}, "sha512-kEV95lFBhQgtogAPlQfJJ0WGVSokvLr/UEoFPiKKOXF7pl98HfUVUD0ejsuTCld/9xH9vogSywZ5KqHzXrZpqg=="],

    "sharp/detect-libc": ["detect-libc@2.1.2", "", {}, "sha512-Btj2BOOO83o3WyH59e8MgXsxEQVcarkUOpEYrubB0urwnN10yQ364rsiByU11nZlqWYZm05i/of7io4mzihBtQ=="],
  }
}
